
Microsoft Visual Studio Solution File, Format Version 12.00
# Visual Studio Version 16
VisualStudioVersion = 16.0.29709.97
MinimumVisualStudioVersion = 10.0.40219.1
Project("{FAE04EC0-301F-11D3-BF4B-00C04F79EFBC}") = "02_KomodoClaims", "KomodoClaims\02_KomodoClaims.csproj", "{31B41940-7BC8-43D5-B3A0-72141F2ECBE9}"
EndProject
Project("{FAE04EC0-301F-11D3-BF4B-00C04F79EFBC}") = "02_KomodoClaimsClasses", "01_KomodoClaimsRepo\02_KomodoClaimsClasses.csproj", "{4A7F8682-A8F6-43B0-B18A-E30384892530}"
EndProject
Project("{FAE04EC0-301F-11D3-BF4B-00C04F79EFBC}") = "02_KomodoClaimsTests", "01_KomodoClaimsTests\02_KomodoClaimsTests.csproj", "{2C5F1674-BD00-45A0-95A9-F79474EC8924}"
EndProject
Project("{FAE04EC0-301F-11D3-BF4B-00C04F79EFBC}") = "03_BadgesUI", "02_BadgesUI\03_BadgesUI.csproj", "{E9844495-F96C-414A-912E-EDD1AD931353}"
EndProject
Project("{FAE04EC0-301F-11D3-BF4B-00C04F79EFBC}") = "03_BadgesClasses", "02_BadgesClasses\03_BadgesClasses.csproj", "{BDFF4D63-1350-4791-926A-6D9C6F387EEA}"
EndProject
Project("{FAE04EC0-301F-11D3-BF4B-00C04F79EFBC}") = "03_BadgesTests", "02_BadgesTests\03_BadgesTests.csproj", "{01921162-BC76-4A09-BC3D-F6393CAAD2CA}"
EndProject
Project("{FAE04EC0-301F-11D3-BF4B-00C04F79EFBC}") = "01_CafeUI", "01_CafeUI\01_CafeUI.csproj", "{503BCC9A-E5E7-4FCD-A318-6160FDC7EF21}"
EndProject
Project("{FAE04EC0-301F-11D3-BF4B-00C04F79EFBC}") = "01_CafeClasses", "01_CafeClasses\01_CafeClasses.csproj", "{15830D05-1E37-40E0-8965-0BAFD002B8BC}"
EndProject
Project("{FAE04EC0-301F-11D3-BF4B-00C04F79EFBC}") = "01_CafeTests", "01_CafeTests\01_CafeTests.csproj", "{EFBCBDC0-C51E-4621-A049-8CEBACA10F2D}"
EndProject
Global
	GlobalSection(SolutionConfigurationPlatforms) = preSolution
		Debug|Any CPU = Debug|Any CPU
		Release|Any CPU = Release|Any CPU
	EndGlobalSection
	GlobalSection(ProjectConfigurationPlatforms) = postSolution
		{31B41940-7BC8-43D5-B3A0-72141F2ECBE9}.Debug|Any CPU.ActiveCfg = Debug|Any CPU
		{31B41940-7BC8-43D5-B3A0-72141F2ECBE9}.Debug|Any CPU.Build.0 = Debug|Any CPU
		{31B41940-7BC8-43D5-B3A0-72141F2ECBE9}.Release|Any CPU.ActiveCfg = Release|Any CPU
		{31B41940-7BC8-43D5-B3A0-72141F2ECBE9}.Release|Any CPU.Build.0 = Release|Any CPU
		{4A7F8682-A8F6-43B0-B18A-E30384892530}.Debug|Any CPU.ActiveCfg = Debug|Any CPU
		{4A7F8682-A8F6-43B0-B18A-E30384892530}.Debug|Any CPU.Build.0 = Debug|Any CPU
		{4A7F8682-A8F6-43B0-B18A-E30384892530}.Release|Any CPU.ActiveCfg = Release|Any CPU
		{4A7F8682-A8F6-43B0-B18A-E30384892530}.Release|Any CPU.Build.0 = Release|Any CPU
		{2C5F1674-BD00-45A0-95A9-F79474EC8924}.Debug|Any CPU.ActiveCfg = Debug|Any CPU
		{2C5F1674-BD00-45A0-95A9-F79474EC8924}.Debug|Any CPU.Build.0 = Debug|Any CPU
		{2C5F1674-BD00-45A0-95A9-F79474EC8924}.Release|Any CPU.ActiveCfg = Release|Any CPU
		{2C5F1674-BD00-45A0-95A9-F79474EC8924}.Release|Any CPU.Build.0 = Release|Any CPU
		{E9844495-F96C-414A-912E-EDD1AD931353}.Debug|Any CPU.ActiveCfg = Debug|Any CPU
		{E9844495-F96C-414A-912E-EDD1AD931353}.Debug|Any CPU.Build.0 = Debug|Any CPU
		{E9844495-F96C-414A-912E-EDD1AD931353}.Release|Any CPU.ActiveCfg = Release|Any CPU
		{E9844495-F96C-414A-912E-EDD1AD931353}.Release|Any CPU.Build.0 = Release|Any CPU
		{BDFF4D63-1350-4791-926A-6D9C6F387EEA}.Debug|Any CPU.ActiveCfg = Debug|Any CPU
		{BDFF4D63-1350-4791-926A-6D9C6F387EEA}.Debug|Any CPU.Build.0 = Debug|Any CPU
		{BDFF4D63-1350-4791-926A-6D9C6F387EEA}.Release|Any CPU.ActiveCfg = Release|Any CPU
		{BDFF4D63-1350-4791-926A-6D9C6F387EEA}.Release|Any CPU.Build.0 = Release|Any CPU
		{01921162-BC76-4A09-BC3D-F6393CAAD2CA}.Debug|Any CPU.ActiveCfg = Debug|Any CPU
		{01921162-BC76-4A09-BC3D-F6393CAAD2CA}.Debug|Any CPU.Build.0 = Debug|Any CPU
		{01921162-BC76-4A09-BC3D-F6393CAAD2CA}.Release|Any CPU.ActiveCfg = Release|Any CPU
		{01921162-BC76-4A09-BC3D-F6393CAAD2CA}.Release|Any CPU.Build.0 = Release|Any CPU
		{503BCC9A-E5E7-4FCD-A318-6160FDC7EF21}.Debug|Any CPU.ActiveCfg = Debug|Any CPU
		{503BCC9A-E5E7-4FCD-A318-6160FDC7EF21}.Debug|Any CPU.Build.0 = Debug|Any CPU
		{503BCC9A-E5E7-4FCD-A318-6160FDC7EF21}.Release|Any CPU.ActiveCfg = Release|Any CPU
		{503BCC9A-E5E7-4FCD-A318-6160FDC7EF21}.Release|Any CPU.Build.0 = Release|Any CPU
		{15830D05-1E37-40E0-8965-0BAFD002B8BC}.Debug|Any CPU.ActiveCfg = Debug|Any CPU
		{15830D05-1E37-40E0-8965-0BAFD002B8BC}.Debug|Any CPU.Build.0 = Debug|Any CPU
		{15830D05-1E37-40E0-8965-0BAFD002B8BC}.Release|Any CPU.ActiveCfg = Release|Any CPU
		{15830D05-1E37-40E0-8965-0BAFD002B8BC}.Release|Any CPU.Build.0 = Release|Any CPU
		{EFBCBDC0-C51E-4621-A049-8CEBACA10F2D}.Debug|Any CPU.ActiveCfg = Debug|Any CPU
		{EFBCBDC0-C51E-4621-A049-8CEBACA10F2D}.Debug|Any CPU.Build.0 = Debug|Any CPU
		{EFBCBDC0-C51E-4621-A049-8CEBACA10F2D}.Release|Any CPU.ActiveCfg = Release|Any CPU
		{EFBCBDC0-C51E-4621-A049-8CEBACA10F2D}.Release|Any CPU.Build.0 = Release|Any CPU
	EndGlobalSection
	GlobalSection(SolutionProperties) = preSolution
		HideSolutionNode = FALSE
	EndGlobalSection
	GlobalSection(ExtensibilityGlobals) = postSolution
		SolutionGuid = {9D636485-FE58-415D-954B-DFF009FCDEBD}
	EndGlobalSection
EndGlobal
